{
  "name": "weather",
  "version": "1.0.0",
  "lockfileVersion": 1,
  "requires": true,
  "dependencies": {
    "agh.sprintf": {
      "version": "0.0.11",
      "resolved": "https://registry.npmjs.org/agh.sprintf/-/agh.sprintf-0.0.11.tgz",
      "integrity": "sha1-G/JiIzZOKIgOyVpjaYETKRiaCKs="
    },
    "dotenv": {
      "version": "6.2.0",
      "resolved": "https://registry.npmjs.org/dotenv/-/dotenv-6.2.0.tgz",
      "integrity": "sha512-HygQCKUBSFl8wKQZBSemMywRWcEDNidvNbjGVyZu3nbZ8qq9ubiPoGLMdRDpfSrpkkm9BXYFkpKxxFX38o/76w=="
    },
    "romaji": {
      "version": "0.2.21",
      "resolved": "https://registry.npmjs.org/romaji/-/romaji-0.2.21.tgz",
      "integrity": "sha1-YfEz/gbNGQqIAqPwpspeKJzeaug="
    }
  }
}
